
Microsoft Visual Studio Solution File, Format Version 12.00
# Visual Studio Version 16
VisualStudioVersion = 16.0.29001.49
MinimumVisualStudioVersion = 10.0.40219.1
Project("{FAE04EC0-301F-11D3-BF4B-00C04F79EFBC}") = "FuturesAndContinuations", "FuturesAndContinuations.csproj", "{284DB628-6F73-4738-93DE-8B3C22C1BFDB}"
EndProject
Global
	GlobalSection(SolutionConfigurationPlatforms) = preSolution
		Debug|Any CPU = Debug|Any CPU
		Release|Any CPU = Release|Any CPU
	EndGlobalSection
	GlobalSection(ProjectConfigurationPlatforms) = postSolution
		{284DB628-6F73-4738-93DE-8B3C22C1BFDB}.Debug|Any CPU.ActiveCfg = Debug|Any CPU
		{284DB628-6F73-4738-93DE-8B3C22C1BFDB}.Debug|Any CPU.Build.0 = Debug|Any CPU
		{284DB628-6F73-4738-93DE-8B3C22C1BFDB}.Release|Any CPU.ActiveCfg = Release|Any CPU
		{284DB628-6F73-4738-93DE-8B3C22C1BFDB}.Release|Any CPU.Build.0 = Release|Any CPU
	EndGlobalSection
	GlobalSection(SolutionProperties) = preSolution
		HideSolutionNode = FALSE
	EndGlobalSection
	GlobalSection(ExtensibilityGlobals) = postSolution
		SolutionGuid = {492ABFFE-610B-4A4C-B5B5-4878A89D0961}
	EndGlobalSection
EndGlobal
